
Microsoft Visual Studio Solution File, Format Version 12.00
# Visual Studio Version 16
VisualStudioVersion = 16.0.32002.261
MinimumVisualStudioVersion = 10.0.40219.1
Project("{FAE04EC0-301F-11D3-BF4B-00C04F79EFBC}") = "TRMDataManager", "TRMDataManager\TRMDataManager.csproj", "{A152D135-D620-4553-A1B5-8097362EAB65}"
EndProject
Project("{00D1A9C2-B5F0-4AF3-8072-F6C62B433612}") = "TRMData", "TRMData\TRMData.sqlproj", "{5518ADC8-0200-470F-B59E-C19995B34F0D}"
EndProject
Project("{FAE04EC0-301F-11D3-BF4B-00C04F79EFBC}") = "TRMDesktopUI", "TRMDesktopUI\TRMDesktopUI.csproj", "{C5FF2BEA-A308-4B92-A162-E73773DD1B03}"
EndProject
Project("{9A19103F-16F7-4668-BE54-9A1E7A4F7556}") = "TRMDataManager.Library", "TRMDataManager.Library\TRMDataManager.Library.csproj", "{99BD8C37-3059-43BC-9F09-8D598F56A5EB}"
EndProject
Project("{9A19103F-16F7-4668-BE54-9A1E7A4F7556}") = "TRMDesktopUI.Library", "TRMDesktopUI.Library\TRMDesktopUI.Library.csproj", "{B451815E-DEC3-4FB6-AD15-3E1744047206}"
EndProject
Project("{2150E333-8FDC-42A3-9474-1A3956D46DE8}") = "Database", "Database", "{03E069A4-E289-4875-8F7E-89D284C7E95F}"
EndProject
Project("{2150E333-8FDC-42A3-9474-1A3956D46DE8}") = "API", "API", "{9235C93B-EF99-43FE-943F-9C16CB4B6DAC}"
EndProject
Project("{2150E333-8FDC-42A3-9474-1A3956D46DE8}") = "WPF", "WPF", "{01C4ECE7-015C-43D9-89D7-1481EC20EAC7}"
EndProject
Project("{FAE04EC0-301F-11D3-BF4B-00C04F79EFBC}") = "TRMAPI", "TRMAPI\TRMAPI.csproj", "{285307FF-8B17-43BC-B5EF-1BC99BDDE73F}"
EndProject
Global
	GlobalSection(SolutionConfigurationPlatforms) = preSolution
		Debug|Any CPU = Debug|Any CPU
		Release|Any CPU = Release|Any CPU
	EndGlobalSection
	GlobalSection(ProjectConfigurationPlatforms) = postSolution
		{A152D135-D620-4553-A1B5-8097362EAB65}.Debug|Any CPU.ActiveCfg = Debug|Any CPU
		{A152D135-D620-4553-A1B5-8097362EAB65}.Debug|Any CPU.Build.0 = Debug|Any CPU
		{A152D135-D620-4553-A1B5-8097362EAB65}.Release|Any CPU.ActiveCfg = Release|Any CPU
		{A152D135-D620-4553-A1B5-8097362EAB65}.Release|Any CPU.Build.0 = Release|Any CPU
		{5518ADC8-0200-470F-B59E-C19995B34F0D}.Debug|Any CPU.ActiveCfg = Debug|Any CPU
		{5518ADC8-0200-470F-B59E-C19995B34F0D}.Debug|Any CPU.Build.0 = Debug|Any CPU
		{5518ADC8-0200-470F-B59E-C19995B34F0D}.Debug|Any CPU.Deploy.0 = Debug|Any CPU
		{5518ADC8-0200-470F-B59E-C19995B34F0D}.Release|Any CPU.ActiveCfg = Release|Any CPU
		{5518ADC8-0200-470F-B59E-C19995B34F0D}.Release|Any CPU.Build.0 = Release|Any CPU
		{5518ADC8-0200-470F-B59E-C19995B34F0D}.Release|Any CPU.Deploy.0 = Release|Any CPU
		{C5FF2BEA-A308-4B92-A162-E73773DD1B03}.Debug|Any CPU.ActiveCfg = Debug|Any CPU
		{C5FF2BEA-A308-4B92-A162-E73773DD1B03}.Debug|Any CPU.Build.0 = Debug|Any CPU
		{C5FF2BEA-A308-4B92-A162-E73773DD1B03}.Release|Any CPU.ActiveCfg = Release|Any CPU
		{C5FF2BEA-A308-4B92-A162-E73773DD1B03}.Release|Any CPU.Build.0 = Release|Any CPU
		{99BD8C37-3059-43BC-9F09-8D598F56A5EB}.Debug|Any CPU.ActiveCfg = Debug|Any CPU
		{99BD8C37-3059-43BC-9F09-8D598F56A5EB}.Debug|Any CPU.Build.0 = Debug|Any CPU
		{99BD8C37-3059-43BC-9F09-8D598F56A5EB}.Release|Any CPU.ActiveCfg = Release|Any CPU
		{99BD8C37-3059-43BC-9F09-8D598F56A5EB}.Release|Any CPU.Build.0 = Release|Any CPU
		{B451815E-DEC3-4FB6-AD15-3E1744047206}.Debug|Any CPU.ActiveCfg = Debug|Any CPU
		{B451815E-DEC3-4FB6-AD15-3E1744047206}.Debug|Any CPU.Build.0 = Debug|Any CPU
		{B451815E-DEC3-4FB6-AD15-3E1744047206}.Release|Any CPU.ActiveCfg = Release|Any CPU
		{B451815E-DEC3-4FB6-AD15-3E1744047206}.Release|Any CPU.Build.0 = Release|Any CPU
		{285307FF-8B17-43BC-B5EF-1BC99BDDE73F}.Debug|Any CPU.ActiveCfg = Debug|Any CPU
		{285307FF-8B17-43BC-B5EF-1BC99BDDE73F}.Debug|Any CPU.Build.0 = Debug|Any CPU
		{285307FF-8B17-43BC-B5EF-1BC99BDDE73F}.Release|Any CPU.ActiveCfg = Release|Any CPU
		{285307FF-8B17-43BC-B5EF-1BC99BDDE73F}.Release|Any CPU.Build.0 = Release|Any CPU
	EndGlobalSection
	GlobalSection(SolutionProperties) = preSolution
		HideSolutionNode = FALSE
	EndGlobalSection
	GlobalSection(NestedProjects) = preSolution
		{A152D135-D620-4553-A1B5-8097362EAB65} = {9235C93B-EF99-43FE-943F-9C16CB4B6DAC}
		{5518ADC8-0200-470F-B59E-C19995B34F0D} = {03E069A4-E289-4875-8F7E-89D284C7E95F}
		{C5FF2BEA-A308-4B92-A162-E73773DD1B03} = {01C4ECE7-015C-43D9-89D7-1481EC20EAC7}
		{99BD8C37-3059-43BC-9F09-8D598F56A5EB} = {9235C93B-EF99-43FE-943F-9C16CB4B6DAC}
		{B451815E-DEC3-4FB6-AD15-3E1744047206} = {01C4ECE7-015C-43D9-89D7-1481EC20EAC7}
		{285307FF-8B17-43BC-B5EF-1BC99BDDE73F} = {9235C93B-EF99-43FE-943F-9C16CB4B6DAC}
	EndGlobalSection
	GlobalSection(ExtensibilityGlobals) = postSolution
		SolutionGuid = {6952C3C1-018F-4F24-899E-B5398CD3324A}
	EndGlobalSection
EndGlobal
